{
  "object": {
    "pins": [
      {
        "package": "DefaultNetworkOperationPackage",
        "repositoryURL": "https://github.com/erkutbas/DefaultNetworkOperationPackage.git",
        "state": {
          "branch": "main",
          "revision": "648dbc90e016270be09c38e9d3e9442c336f29be",
          "version": null
        }
      }
    ]
  },
  "version": 1
}
